
Microsoft Visual Studio Solution File, Format Version 12.00
# Visual Studio Version 17
VisualStudioVersion = 17.0.31903.59
MinimumVisualStudioVersion = 10.0.40219.1
Project("{2150E333-8FDC-42A3-9474-1A3956D46DE8}") = "src", "src", "{768389A9-6CB6-4B58-BE13-1DDBC4125F1E}"
EndProject
Project("{FAE04EC0-301F-11D3-BF4B-00C04F79EFBC}") = "WallpaperFetcher", "src\WallpaperFetcher\WallpaperFetcher.csproj", "{C0FB481C-A877-454E-B4F8-0943C3B4F277}"
EndProject
Global
	GlobalSection(SolutionConfigurationPlatforms) = preSolution
		Debug|Any CPU = Debug|Any CPU
		Release|Any CPU = Release|Any CPU
	EndGlobalSection
	GlobalSection(SolutionProperties) = preSolution
		HideSolutionNode = FALSE
	EndGlobalSection
	GlobalSection(ProjectConfigurationPlatforms) = postSolution
		{C0FB481C-A877-454E-B4F8-0943C3B4F277}.Debug|Any CPU.ActiveCfg = Debug|Any CPU
		{C0FB481C-A877-454E-B4F8-0943C3B4F277}.Debug|Any CPU.Build.0 = Debug|Any CPU
		{C0FB481C-A877-454E-B4F8-0943C3B4F277}.Release|Any CPU.ActiveCfg = Release|Any CPU
		{C0FB481C-A877-454E-B4F8-0943C3B4F277}.Release|Any CPU.Build.0 = Release|Any CPU
	EndGlobalSection
	GlobalSection(NestedProjects) = preSolution
		{C0FB481C-A877-454E-B4F8-0943C3B4F277} = {768389A9-6CB6-4B58-BE13-1DDBC4125F1E}
	EndGlobalSection
EndGlobal
